
Microsoft Visual Studio Solution File, Format Version 12.00
# Visual Studio 15
VisualStudioVersion = 15.0.28010.2048
MinimumVisualStudioVersion = 10.0.40219.1
Project("{2150E333-8FDC-42A3-9474-1A3956D46DE8}") = "Presentation", "Presentation", "{16A4BA2B-EEDF-4B53-9676-8BD17040F450}"
EndProject
Project("{2150E333-8FDC-42A3-9474-1A3956D46DE8}") = "Bussiness", "Bussiness", "{EFDA61BB-9FFE-4C97-87D9-48035E3BF8CF}"
EndProject
Project("{2150E333-8FDC-42A3-9474-1A3956D46DE8}") = "Data", "Data", "{4C98C93B-D5F7-4922-913F-CB238620A158}"
EndProject
Project("{FAE04EC0-301F-11D3-BF4B-00C04F79EFBC}") = "Academy.Web", "Academy.Web\Academy.Web.csproj", "{8BB432B2-F51F-4FCC-8B3C-D13CECCDD7EA}"
EndProject
Project("{FAE04EC0-301F-11D3-BF4B-00C04F79EFBC}") = "Academy.Data", "Academy.Data\Academy.Data.csproj", "{C0FB26FE-D4BF-4063-8354-1253EC98D34B}"
EndProject
Project("{FAE04EC0-301F-11D3-BF4B-00C04F79EFBC}") = "Academy.DataContext", "Academy.DataContext\Academy.DataContext.csproj", "{EFEFBA2C-0968-45CF-9AB5-0FCF97B4FC8F}"
EndProject
Global
	GlobalSection(SolutionConfigurationPlatforms) = preSolution
		Debug|Any CPU = Debug|Any CPU
		Release|Any CPU = Release|Any CPU
	EndGlobalSection
	GlobalSection(ProjectConfigurationPlatforms) = postSolution
		{8BB432B2-F51F-4FCC-8B3C-D13CECCDD7EA}.Debug|Any CPU.ActiveCfg = Debug|Any CPU
		{8BB432B2-F51F-4FCC-8B3C-D13CECCDD7EA}.Debug|Any CPU.Build.0 = Debug|Any CPU
		{8BB432B2-F51F-4FCC-8B3C-D13CECCDD7EA}.Release|Any CPU.ActiveCfg = Release|Any CPU
		{8BB432B2-F51F-4FCC-8B3C-D13CECCDD7EA}.Release|Any CPU.Build.0 = Release|Any CPU
		{C0FB26FE-D4BF-4063-8354-1253EC98D34B}.Debug|Any CPU.ActiveCfg = Debug|Any CPU
		{C0FB26FE-D4BF-4063-8354-1253EC98D34B}.Debug|Any CPU.Build.0 = Debug|Any CPU
		{C0FB26FE-D4BF-4063-8354-1253EC98D34B}.Release|Any CPU.ActiveCfg = Release|Any CPU
		{C0FB26FE-D4BF-4063-8354-1253EC98D34B}.Release|Any CPU.Build.0 = Release|Any CPU
		{EFEFBA2C-0968-45CF-9AB5-0FCF97B4FC8F}.Debug|Any CPU.ActiveCfg = Debug|Any CPU
		{EFEFBA2C-0968-45CF-9AB5-0FCF97B4FC8F}.Debug|Any CPU.Build.0 = Debug|Any CPU
		{EFEFBA2C-0968-45CF-9AB5-0FCF97B4FC8F}.Release|Any CPU.ActiveCfg = Release|Any CPU
		{EFEFBA2C-0968-45CF-9AB5-0FCF97B4FC8F}.Release|Any CPU.Build.0 = Release|Any CPU
	EndGlobalSection
	GlobalSection(SolutionProperties) = preSolution
		HideSolutionNode = FALSE
	EndGlobalSection
	GlobalSection(NestedProjects) = preSolution
		{8BB432B2-F51F-4FCC-8B3C-D13CECCDD7EA} = {16A4BA2B-EEDF-4B53-9676-8BD17040F450}
		{C0FB26FE-D4BF-4063-8354-1253EC98D34B} = {4C98C93B-D5F7-4922-913F-CB238620A158}
		{EFEFBA2C-0968-45CF-9AB5-0FCF97B4FC8F} = {4C98C93B-D5F7-4922-913F-CB238620A158}
	EndGlobalSection
	GlobalSection(ExtensibilityGlobals) = postSolution
		SolutionGuid = {15C60B5B-74E9-4D54-A4ED-B318E3A4EB0B}
	EndGlobalSection
EndGlobal
